
Microsoft Visual Studio Solution File, Format Version 12.00
# Visual Studio Version 16
VisualStudioVersion = 16.0.30225.117
MinimumVisualStudioVersion = 10.0.40219.1
Project("{FAE04EC0-301F-11D3-BF4B-00C04F79EFBC}") = "InventorySearcher", "InventorySearcher\InventorySearcher.csproj", "{BED1EF67-59C5-40D6-8C41-32D1C0143314}"
EndProject
Global
	GlobalSection(SolutionConfigurationPlatforms) = preSolution
		Debug|Any CPU = Debug|Any CPU
		Release|Any CPU = Release|Any CPU
	EndGlobalSection
	GlobalSection(ProjectConfigurationPlatforms) = postSolution
		{BED1EF67-59C5-40D6-8C41-32D1C0143314}.Debug|Any CPU.ActiveCfg = Debug|Any CPU
		{BED1EF67-59C5-40D6-8C41-32D1C0143314}.Debug|Any CPU.Build.0 = Debug|Any CPU
		{BED1EF67-59C5-40D6-8C41-32D1C0143314}.Release|Any CPU.ActiveCfg = Release|Any CPU
		{BED1EF67-59C5-40D6-8C41-32D1C0143314}.Release|Any CPU.Build.0 = Release|Any CPU
	EndGlobalSection
	GlobalSection(SolutionProperties) = preSolution
		HideSolutionNode = FALSE
	EndGlobalSection
	GlobalSection(ExtensibilityGlobals) = postSolution
		SolutionGuid = {10E54437-08DB-4F96-8C6B-E28A5CB0C9E0}
	EndGlobalSection
EndGlobal
